
Microsoft Visual Studio Solution File, Format Version 12.00
# Visual Studio Version 16
VisualStudioVersion = 16.0.31702.278
MinimumVisualStudioVersion = 10.0.40219.1
Project("{FAE04EC0-301F-11D3-BF4B-00C04F79EFBC}") = "BasicCorePrograms", "BasicCorePrograms\BasicCorePrograms.csproj", "{216E2A8F-947F-4A25-9A53-5BE1FB2A4FA3}"
EndProject
Global
	GlobalSection(SolutionConfigurationPlatforms) = preSolution
		Debug|Any CPU = Debug|Any CPU
		Release|Any CPU = Release|Any CPU
	EndGlobalSection
	GlobalSection(ProjectConfigurationPlatforms) = postSolution
		{216E2A8F-947F-4A25-9A53-5BE1FB2A4FA3}.Debug|Any CPU.ActiveCfg = Debug|Any CPU
		{216E2A8F-947F-4A25-9A53-5BE1FB2A4FA3}.Debug|Any CPU.Build.0 = Debug|Any CPU
		{216E2A8F-947F-4A25-9A53-5BE1FB2A4FA3}.Release|Any CPU.ActiveCfg = Release|Any CPU
		{216E2A8F-947F-4A25-9A53-5BE1FB2A4FA3}.Release|Any CPU.Build.0 = Release|Any CPU
	EndGlobalSection
	GlobalSection(SolutionProperties) = preSolution
		HideSolutionNode = FALSE
	EndGlobalSection
	GlobalSection(ExtensibilityGlobals) = postSolution
		SolutionGuid = {EB247284-0E6B-4DED-B020-0CD7F50F2261}
	EndGlobalSection
EndGlobal
